
Microsoft Visual Studio Solution File, Format Version 12.00
# Visual Studio Version 16
VisualStudioVersion = 16.0.32106.194
MinimumVisualStudioVersion = 10.0.40219.1
Project("{FAE04EC0-301F-11D3-BF4B-00C04F79EFBC}") = "ZbW.DBAdvanced_ProgrammingAdvanced.PabloBaechler.ERP", "ZbW.DBAdvanced_ProgrammingAdvanced.PabloBaechler.ERP.csproj", "{DFB1F67C-1C74-400A-A4D2-7A87A6554755}"
EndProject
Global
	GlobalSection(SolutionConfigurationPlatforms) = preSolution
		Debug|Any CPU = Debug|Any CPU
		Release|Any CPU = Release|Any CPU
	EndGlobalSection
	GlobalSection(ProjectConfigurationPlatforms) = postSolution
		{DFB1F67C-1C74-400A-A4D2-7A87A6554755}.Debug|Any CPU.ActiveCfg = Debug|Any CPU
		{DFB1F67C-1C74-400A-A4D2-7A87A6554755}.Debug|Any CPU.Build.0 = Debug|Any CPU
		{DFB1F67C-1C74-400A-A4D2-7A87A6554755}.Release|Any CPU.ActiveCfg = Release|Any CPU
		{DFB1F67C-1C74-400A-A4D2-7A87A6554755}.Release|Any CPU.Build.0 = Release|Any CPU
	EndGlobalSection
	GlobalSection(SolutionProperties) = preSolution
		HideSolutionNode = FALSE
	EndGlobalSection
	GlobalSection(ExtensibilityGlobals) = postSolution
		SolutionGuid = {7E114A2D-F438-4DCE-82B8-3C751EC59D37}
	EndGlobalSection
EndGlobal
